// !$*UTF8*$!
{
	archiveVersion = 1;
	classes = {
	};
	objectVersion = 50;
	objects = {

/* Begin PBXBuildFile section */
		08656FC123A0794900247D5D /* AppDelegate.swift in Sources */ = {isa = PBXBuildFile; fileRef = 08656FC023A0794900247D5D /* AppDelegate.swift */; };
		08656FC323A0794900247D5D /* ViewController.swift in Sources */ = {isa = PBXBuildFile; fileRef = 08656FC223A0794900247D5D /* ViewController.swift */; };
		08656FC623A0794900247D5D /* Main.storyboard in Resources */ = {isa = PBXBuildFile; fileRef = 08656FC423A0794900247D5D /* Main.storyboard */; };
		08656FC823A0794A00247D5D /* Assets.xcassets in Resources */ = {isa = PBXBuildFile; fileRef = 08656FC723A0794A00247D5D /* Assets.xcassets */; };
		08656FCB23A0794A00247D5D /* LaunchScreen.storyboard in Resources */ = {isa = PBXBuildFile; fileRef = 08656FC923A0794A00247D5D /* LaunchScreen.storyboard */; };
		A0C8CAD1C5D548785DA6D442 /* Pods_cocoapodDemo.framework in Frameworks */ = {isa = PBXBuildFile; fileRef = 0996A16966F0C19B4141F0ED /* Pods_cocoapodDemo.framework */; };
/* End PBXBuildFile section */

/* Begin PBXFileReference section */
		08656FBD23A0794900247D5D /* cocoapodDemo.app */ = {isa = PBXFileReference; explicitFileType = wrapper.application; includeInIndex = 0; path = cocoapodDemo.app; sourceTree = BUILT_PRODUCTS_DIR; };
		08656FC023A0794900247D5D /* AppDelegate.swift */ = {isa = PBXFileReference; lastKnownFileType = sourcecode.swift; path = AppDelegate.swift; sourceTree = "<group>"; };
		08656FC223A0794900247D5D /* ViewController.swift */ = {isa = PBXFileReference; lastKnownFileType = sourcecode.swift; path = ViewController.swift; sourceTree = "<group>"; };
		08656FC523A0794900247D5D /* Base */ = {isa = PBXFileReference; lastKnownFileType = file.storyboard; name = Base; path = Base.lproj/Main.storyboard; sourceTree = "<group>"; };
		08656FC723A0794A00247D5D /* Assets.xcassets */ = {isa = PBXFileReference; lastKnownFileType = folder.assetcatalog; path = Assets.xcassets; sourceTree = "<group>"; };
		08656FCA23A0794A00247D5D /* Base */ = {isa = PBXFileReference; lastKnownFileType = file.storyboard; name = Base; path = Base.lproj/LaunchScreen.storyboard; sourceTree = "<group>"; };
		08656FCC23A0794A00247D5D /* Info.plist */ = {isa = PBXFileReference; lastKnownFileType = text.plist.xml; path = Info.plist; sourceTree = "<group>"; };
		0996A16966F0C19B4141F0ED /* Pods_cocoapodDemo.framework */ = {isa = PBXFileReference; explicitFileType = wrapper.framework; includeInIndex = 0; path = Pods_cocoapodDemo.framework; sourceTree = BUILT_PRODUCTS_DIR; };
		65712AE7FAAFD17A9883CD85 /* Pods-cocoapodDemo.debug.xcconfig */ = {isa = PBXFileReference; includeInIndex = 1; lastKnownFileType = text.xcconfig; name = "Pods-cocoapodDemo.debug.xcconfig"; path = "Target Support Files/Pods-cocoapodDemo/Pods-cocoapodDemo.debug.xcconfig"; sourceTree = "<group>"; };
		E3195B9AB7EF6988337D0836 /* Pods-cocoapodDemo.release.xcconfig */ = {isa = PBXFileReference; includeInIndex = 1; lastKnownFileType = text.xcconfig; name = "Pods-cocoapodDemo.release.xcconfig"; path = "Target Support Files/Pods-cocoapodDemo/Pods-cocoapodDemo.release.xcconfig"; sourceTree = "<group>"; };
/* End PBXFileReference section */

/* Begin PBXFrameworksBuildPhase section */
		08656FBA23A0794900247D5D /* Frameworks */ = {
			isa = PBXFrameworksBuildPhase;
			buildActionMask = 2147483647;
			files = (
				A0C8CAD1C5D548785DA6D442 /* Pods_cocoapodDemo.framework in Frameworks */,
			);
			runOnlyForDeploymentPostprocessing = 0;
		};
/* End PBXFrameworksBuildPhase section */

/* Begin PBXGroup section */
		08656FB423A0794900247D5D = {
			isa = PBXGroup;
			children = (
				08656FBF23A0794900247D5D /* cocoapodDemo */,
				08656FBE23A0794900247D5D /* Products */,
				95145A2D39BBE1A0464F6304 /* Pods */,
				3689D7ACCE0DE6D4524EE562 /* Frameworks */,
			);
			sourceTree = "<group>";
		};
		08656FBE23A0794900247D5D /* Products */ = {
			isa = PBXGroup;
			children = (
				08656FBD23A0794900247D5D /* cocoapodDemo.app */,
			);
			name = Products;
			sourceTree = "<group>";
		};
		08656FBF23A0794900247D5D /* cocoapodDemo */ = {
			isa = PBXGroup;
			children = (
				08656FC023A0794900247D5D /* AppDelegate.swift */,
				08656FC223A0794900247D5D /* ViewController.swift */,
				08656FC423A0794900247D5D /* Main.storyboard */,
				08656FC723A0794A00247D5D /* Assets.xcassets */,
				08656FC923A0794A00247D5D /* LaunchScreen.storyboard */,
				08656FCC23A0794A00247D5D /* Info.plist */,
			);
			path = cocoapodDemo;
			sourceTree = "<group>";
		};
		3689D7ACCE0DE6D4524EE562 /* Frameworks */ = {
			isa = PBXGroup;
			children = (
				0996A16966F0C19B4141F0ED /* Pods_cocoapodDemo.framework */,
			);
			name = Frameworks;
			sourceTree = "<group>";
		};
		95145A2D39BBE1A0464F6304 /* Pods */ = {
			isa = PBXGroup;
			children = (
				65712AE7FAAFD17A9883CD85 /* Pods-cocoapodDemo.debug.xcconfig */,
				E3195B9AB7EF6988337D0836 /* Pods-cocoapodDemo.release.xcconfig */,
			);
			name = Pods;
			path = Pods;
			sourceTree = "<group>";
		};
/* End PBXGroup section */

/* Begin PBXNativeTarget section */
		08656FBC23A0794900247D5D /* cocoapodDemo */ = {
			isa = PBXNativeTarget;
			buildConfigurationList = 08656FCF23A0794A00247D5D /* Build configuration list for PBXNativeTarget "cocoapodDemo" */;
			buildPhases = (
				568350C9B8164D571EB1F2F1 /* [CP] Check Pods Manifest.lock */,
				08656FB923A0794900247D5D /* Sources */,
				08656FBA23A0794900247D5D /* Frameworks */,
				08656FBB23A0794900247D5D /* Resources */,
				B7CFFDEE0D831B32315AEEF8 /* [CP] Embed Pods Frameworks */,
			);
			buildRules = (
			);
			dependencies = (
			);
			name = cocoapodDemo;
			productName = cocoapodDemo;
			productReference = 08656FBD23A0794900247D5D /* cocoapodDemo.app */;
			productType = "com.apple.product-type.application";
		};
/* End PBXNativeTarget section */

/* Begin PBXProject section */
		08656FB523A0794900247D5D /* Project object */ = {
			isa = PBXProject;
			attributes = {
				LastSwiftUpdateCheck = 1030;
				LastUpgradeCheck = 1030;
				ORGANIZATIONNAME = "Matt Pritchett";
				TargetAttributes = {
					08656FBC23A0794900247D5D = {
						CreatedOnToolsVersion = 10.3;
					};
				};
			};
			buildConfigurationList = 08656FB823A0794900247D5D /* Build configuration list for PBXProject "cocoapodDemo" */;
			compatibilityVersion = "Xcode 9.3";
			developmentRegion = en;
			hasScannedForEncodings = 0;
			knownRegions = (
				en,
				Base,
			);
			mainGroup = 08656FB423A0794900247D5D;
			productRefGroup = 08656FBE23A0794900247D5D /* Products */;
			projectDirPath = "";
			projectRoot = "";
			targets = (
				08656FBC23A0794900247D5D /* cocoapodDemo */,
			);
		};
/* End PBXProject section */

/* Begin PBXResourcesBuildPhase section */
		08656FBB23A0794900247D5D /* Resources */ = {
			isa = PBXResourcesBuildPhase;
			buildActionMask = 2147483647;
			files = (
				08656FCB23A0794A00247D5D /* LaunchScreen.storyboard in Resources */,
				08656FC823A0794A00247D5D /* Assets.xcassets in Resources */,
				08656FC623A0794900247D5D /* Main.storyboard in Resources */,
			);
			runOnlyForDeploymentPostprocessing = 0;
		};
/* End PBXResourcesBuildPhase section */

/* Begin PBXShellScriptBuildPhase section */
		568350C9B8164D571EB1F2F1 /* [CP] Check Pods Manifest.lock */ = {
			isa = PBXShellScriptBuildPhase;
			buildActionMask = 2147483647;
			files = (
			);
			inputFileListPaths = (
			);
			inputPaths = (
				"${PODS_PODFILE_DIR_PATH}/Podfile.lock",
				"${PODS_ROOT}/Manifest.lock",
			);
			name = "[CP] Check Pods Manifest.lock";
			outputFileListPaths = (
			);
			outputPaths = (
				"$(DERIVED_FILE_DIR)/Pods-cocoapodDemo-checkManifestLockResult.txt",
			);
			runOnlyForDeploymentPostprocessing = 0;
			shellPath = /bin/sh;
			shellScript = "diff \"${PODS_PODFILE_DIR_PATH}/Podfile.lock\" \"${PODS_ROOT}/Manifest.lock\" > /dev/null\nif [ $? != 0 ] ; then\n    # print error to STDERR\n    echo \"error: The sandbox is not in sync with the Podfile.lock. Run 'pod install' or update your CocoaPods installation.\" >&2\n    exit 1\nfi\n# This output is used by Xcode 'outputs' to avoid re-running this script phase.\necho \"SUCCESS\" > \"${SCRIPT_OUTPUT_FILE_0}\"\n";
			showEnvVarsInLog = 0;
		};
		B7CFFDEE0D831B32315AEEF8 /* [CP] Embed Pods Frameworks */ = {
			isa = PBXShellScriptBuildPhase;
			buildActionMask = 2147483647;
			files = (
			);
			inputFileListPaths = (
				"${PODS_ROOT}/Target Support Files/Pods-cocoapodDemo/Pods-cocoapodDemo-frameworks-${CONFIGURATION}-input-files.xcfilelist",
			);
			name = "[CP] Embed Pods Frameworks";
			outputFileListPaths = (
				"${PODS_ROOT}/Target Support Files/Pods-cocoapodDemo/Pods-cocoapodDemo-frameworks-${CONFIGURATION}-output-files.xcfilelist",
			);
			runOnlyForDeploymentPostprocessing = 0;
			shellPath = /bin/sh;
			shellScript = "\"${PODS_ROOT}/Target Support Files/Pods-cocoapodDemo/Pods-cocoapodDemo-frameworks.sh\"\n";
			showEnvVarsInLog = 0;
		};
/* End PBXShellScriptBuildPhase section */

/* Begin PBXSourcesBuildPhase section */
		08656FB923A0794900247D5D /* Sources */ = {
			isa = PBXSourcesBuildPhase;
			buildActionMask = 2147483647;
			files = (
				08656FC323A0794900247D5D /* ViewController.swift in Sources */,
				08656FC123A0794900247D5D /* AppDelegate.swift in Sources */,
			);
			runOnlyForDeploymentPostprocessing = 0;
		};
/* End PBXSourcesBuildPhase section */

/* Begin PBXVariantGroup section */
		08656FC423A0794900247D5D /* Main.storyboard */ = {
			isa = PBXVariantGroup;
			children = (
				08656FC523A0794900247D5D /* Base */,
			);
			name = Main.storyboard;
			sourceTree = "<group>";
		};
		08656FC923A0794A00247D5D /* LaunchScreen.storyboard */ = {
			isa = PBXVariantGroup;
			children = (
				08656FCA23A0794A00247D5D /* Base */,
			);
			name = LaunchScreen.storyboard;
			sourceTree = "<group>";
		};
/* End PBXVariantGroup section */

/* Begin XCBuildConfiguration section */
		08656FCD23A0794A00247D5D /* Debug */ = {
			isa = XCBuildConfiguration;
			buildSettings = {
				ALWAYS_SEARCH_USER_PATHS = NO;
				CLANG_ANALYZER_NONNULL = YES;
				CLANG_ANALYZER_NUMBER_OBJECT_CONVERSION = YES_AGGRESSIVE;
				CLANG_CXX_LANGUAGE_STANDARD = "gnu++14";
				CLANG_CXX_LIBRARY = "libc++";
				CLANG_ENABLE_MODULES = YES;
				CLANG_ENABLE_OBJC_ARC = YES;
				CLANG_ENABLE_OBJC_WEAK = YES;
				CLANG_WARN_BLOCK_CAPTURE_AUTORELEASING = YES;
				CLANG_WARN_BOOL_CONVERSION = YES;
				CLANG_WARN_COMMA = YES;
				CLANG_WARN_CONSTANT_CONVERSION = YES;
				CLANG_WARN_DEPRECATED_OBJC_IMPLEMENTATIONS = YES;
				CLANG_WARN_DIRECT_OBJC_ISA_USAGE = YES_ERROR;
				CLANG_WARN_DOCUMENTATION_COMMENTS = YES;
				CLANG_WARN_EMPTY_BODY = YES;
				CLANG_WARN_ENUM_CONVERSION = YES;
				CLANG_WARN_INFINITE_RECURSION = YES;
				CLANG_WARN_INT_CONVERSION = YES;
				CLANG_WARN_NON_LITERAL_NULL_CONVERSION = YES;
				CLANG_WARN_OBJC_IMPLICIT_RETAIN_SELF = YES;
				CLANG_WARN_OBJC_LITERAL_CONVERSION = YES;
				CLANG_WARN_OBJC_ROOT_CLASS = YES_ERROR;
				CLANG_WARN_RANGE_LOOP_ANALYSIS = YES;
				CLANG_WARN_STRICT_PROTOTYPES = YES;
				CLANG_WARN_SUSPICIOUS_MOVE = YES;
				CLANG_WARN_UNGUARDED_AVAILABILITY = YES_AGGRESSIVE;
				CLANG_WARN_UNREACHABLE_CODE = YES;
				CLANG_WARN__DUPLICATE_METHOD_MATCH = YES;
				CODE_SIGN_IDENTITY = "iPhone Developer";
				COPY_PHASE_STRIP = NO;
				DEBUG_INFORMATION_FORMAT = dwarf;
				ENABLE_STRICT_OBJC_MSGSEND = YES;
				ENABLE_TESTABILITY = YES;
				GCC_C_LANGUAGE_STANDARD = gnu11;
				GCC_DYNAMIC_NO_PIC = NO;
				GCC_NO_COMMON_BLOCKS = YES;
				GCC_OPTIMIZATION_LEVEL = 0;
				GCC_PREPROCESSOR_DEFINITIONS = (
					"DEBUG=1",
					"$(inherited)",
				);
				GCC_WARN_64_TO_32_BIT_CONVERSION = YES;
				GCC_WARN_ABOUT_RETURN_TYPE = YES_ERROR;
				GCC_WARN_UNDECLARED_SELECTOR = YES;
				GCC_WARN_UNINITIALIZED_AUTOS = YES_AGGRESSIVE;
				GCC_WARN_UNUSED_FUNCTION = YES;
				GCC_WARN_UNUSED_VARIABLE = YES;
				IPHONEOS_DEPLOYMENT_TARGET = 12.4;
				MTL_ENABLE_DEBUG_INFO = INCLUDE_SOURCE;
				MTL_FAST_MATH = YES;
				ONLY_ACTIVE_ARCH = YES;
				SDKROOT = iphoneos;
				SWIFT_ACTIVE_COMPILATION_CONDITIONS = DEBUG;
				SWIFT_OPTIMIZATION_LEVEL = "-Onone";
			};
			name = Debug;
		};
		08656FCE23A0794A00247D5D /* Release */ = {
			isa = XCBuildConfiguration;
			buildSettings = {
				ALWAYS_SEARCH_USER_PATHS = NO;
				CLANG_ANALYZER_NONNULL = YES;
				CLANG_ANALYZER_NUMBER_OBJECT_CONVERSION = YES_AGGRESSIVE;
				CLANG_CXX_LANGUAGE_STANDARD = "gnu++14";
				CLANG_CXX_LIBRARY = "libc++";
				CLANG_ENABLE_MODULES = YES;
				CLANG_ENABLE_OBJC_ARC = YES;
				CLANG_ENABLE_OBJC_WEAK = YES;
				CLANG_WARN_BLOCK_CAPTURE_AUTORELEASING = YES;
				CLANG_WARN_BOOL_CONVERSION = YES;
				CLANG_WARN_COMMA = YES;
				CLANG_WARN_CONSTANT_CONVERSION = YES;
				CLANG_WARN_DEPRECATED_OBJC_IMPLEMENTATIONS = YES;
				CLANG_WARN_DIRECT_OBJC_ISA_USAGE = YES_ERROR;
				CLANG_WARN_DOCUMENTATION_COMMENTS = YES;
				CLANG_WARN_EMPTY_BODY = YES;
				CLANG_WARN_ENUM_CONVERSION = YES;
				CLANG_WARN_INFINITE_RECURSION = YES;
				CLANG_WARN_INT_CONVERSION = YES;
				CLANG_WARN_NON_LITERAL_NULL_CONVERSION = YES;
				CLANG_WARN_OBJC_IMPLICIT_RETAIN_SELF = YES;
				CLANG_WARN_OBJC_LITERAL_CONVERSION = YES;
				CLANG_WARN_OBJC_ROOT_CLASS = YES_ERROR;
				CLANG_WARN_RANGE_LOOP_ANALYSIS = YES;
				CLANG_WARN_STRICT_PROTOTYPES = YES;
				CLANG_WARN_SUSPICIOUS_MOVE = YES;
				CLANG_WARN_UNGUARDED_AVAILABILITY = YES_AGGRESSIVE;
				CLANG_WARN_UNREACHABLE_CODE = YES;
				CLANG_WARN__DUPLICATE_METHOD_MATCH = YES;
				CODE_SIGN_IDENTITY = "iPhone Developer";
				COPY_PHASE_STRIP = NO;
				DEBUG_INFORMATION_FORMAT = "dwarf-with-dsym";
				ENABLE_NS_ASSERTIONS = NO;
				ENABLE_STRICT_OBJC_MSGSEND = YES;
				GCC_C_LANGUAGE_STANDARD = gnu11;
				GCC_NO_COMMON_BLOCKS = YES;
				GCC_WARN_64_TO_32_BIT_CONVERSION = YES;
				GCC_WARN_ABOUT_RETURN_TYPE = YES_ERROR;
				GCC_WARN_UNDECLARED_SELECTOR = YES;
				GCC_WARN_UNINITIALIZED_AUTOS = YES_AGGRESSIVE;
				GCC_WARN_UNUSED_FUNCTION = YES;
				GCC_WARN_UNUSED_VARIABLE = YES;
				IPHONEOS_DEPLOYMENT_TARGET = 12.4;
				MTL_ENABLE_DEBUG_INFO = NO;
				MTL_FAST_MATH = YES;
				SDKROOT = iphoneos;
				SWIFT_COMPILATION_MODE = wholemodule;
				SWIFT_OPTIMIZATION_LEVEL = "-O";
				VALIDATE_PRODUCT = YES;
			};
			name = Release;
		};
		08656FD023A0794A00247D5D /* Debug */ = {
			isa = XCBuildConfiguration;
			baseConfigurationReference = 65712AE7FAAFD17A9883CD85 /* Pods-cocoapodDemo.debug.xcconfig */;
			buildSettings = {
				ASSETCATALOG_COMPILER_APPICON_NAME = AppIcon;
				CODE_SIGN_STYLE = Automatic;
				INFOPLIST_FILE = cocoapodDemo/Info.plist;
				LD_RUNPATH_SEARCH_PATHS = (
					"$(inherited)",
					"@executable_path/Frameworks",
				);
				PRODUCT_BUNDLE_IDENTIFIER = com.me.cocoapodDemo;
				PRODUCT_NAME = "$(TARGET_NAME)";
				SWIFT_VERSION = 5.0;
				TARGETED_DEVICE_FAMILY = "1,2";
			};
			name = Debug;
		};
		08656FD123A0794A00247D5D /* Release */ = {
			isa = XCBuildConfiguration;
			baseConfigurationReference = E3195B9AB7EF6988337D0836 /* Pods-cocoapodDemo.release.xcconfig */;
			buildSettings = {
				ASSETCATALOG_COMPILER_APPICON_NAME = AppIcon;
				CODE_SIGN_STYLE = Automatic;
				INFOPLIST_FILE = cocoapodDemo/Info.plist;
				LD_RUNPATH_SEARCH_PATHS = (
					"$(inherited)",
					"@executable_path/Frameworks",
				);
				PRODUCT_BUNDLE_IDENTIFIER = com.me.cocoapodDemo;
				PRODUCT_NAME = "$(TARGET_NAME)";
				SWIFT_VERSION = 5.0;
				TARGETED_DEVICE_FAMILY = "1,2";
			};
			name = Release;
		};
/* End XCBuildConfiguration section */

/* Begin XCConfigurationList section */
		08656FB823A0794900247D5D /* Build configuration list for PBXProject "cocoapodDemo" */ = {
			isa = XCConfigurationList;
			buildConfigurations = (
				08656FCD23A0794A00247D5D /* Debug */,
				08656FCE23A0794A00247D5D /* Release */,
			);
			defaultConfigurationIsVisible = 0;
			defaultConfigurationName = Release;
		};
		08656FCF23A0794A00247D5D /* Build configuration list for PBXNativeTarget "cocoapodDemo" */ = {
			isa = XCConfigurationList;
			buildConfigurations = (
				08656FD023A0794A00247D5D /* Debug */,
				08656FD123A0794A00247D5D /* Release */,
			);
			defaultConfigurationIsVisible = 0;
			defaultConfigurationName = Release;
		};
/* End XCConfigurationList section */
	};
	rootObject = 08656FB523A0794900247D5D /* Project object */;
}
